
Microsoft Visual Studio Solution File, Format Version 12.00
# Visual Studio 15
Project("{FAE04EC0-301F-11D3-BF4B-00C04F79EFBC}") = "UnityGameFramework.Runtime", "UnityGameFramework.Runtime.csproj", "{DFC91A67-C75B-B59C-D7BA-D41B22E09C27}"
EndProject
Project("{FAE04EC0-301F-11D3-BF4B-00C04F79EFBC}") = "Assembly-CSharp", "Assembly-CSharp.csproj", "{161AABAD-06FC-287B-DA34-8C6141708921}"
EndProject
Project("{FAE04EC0-301F-11D3-BF4B-00C04F79EFBC}") = "UnityGameFramework.Editor", "UnityGameFramework.Editor.csproj", "{9372EC00-CDF6-EA09-C704-E2580CFBBA0B}"
EndProject
Project("{FAE04EC0-301F-11D3-BF4B-00C04F79EFBC}") = "Assembly-CSharp-Editor", "Assembly-CSharp-Editor.csproj", "{9165E919-D2D6-C85D-D77E-78EF10624251}"
EndProject
Global
	GlobalSection(SolutionConfigurationPlatforms) = preSolution
		Debug|Any CPU = Debug|Any CPU
		Release|Any CPU = Release|Any CPU
	EndGlobalSection
	GlobalSection(ProjectConfigurationPlatforms) = postSolution
		{DFC91A67-C75B-B59C-D7BA-D41B22E09C27}.Debug|Any CPU.ActiveCfg = Debug|Any CPU
		{DFC91A67-C75B-B59C-D7BA-D41B22E09C27}.Debug|Any CPU.Build.0 = Debug|Any CPU
		{DFC91A67-C75B-B59C-D7BA-D41B22E09C27}.Release|Any CPU.ActiveCfg = Release|Any CPU
		{DFC91A67-C75B-B59C-D7BA-D41B22E09C27}.Release|Any CPU.Build.0 = Release|Any CPU
		{161AABAD-06FC-287B-DA34-8C6141708921}.Debug|Any CPU.ActiveCfg = Debug|Any CPU
		{161AABAD-06FC-287B-DA34-8C6141708921}.Debug|Any CPU.Build.0 = Debug|Any CPU
		{161AABAD-06FC-287B-DA34-8C6141708921}.Release|Any CPU.ActiveCfg = Release|Any CPU
		{161AABAD-06FC-287B-DA34-8C6141708921}.Release|Any CPU.Build.0 = Release|Any CPU
		{9372EC00-CDF6-EA09-C704-E2580CFBBA0B}.Debug|Any CPU.ActiveCfg = Debug|Any CPU
		{9372EC00-CDF6-EA09-C704-E2580CFBBA0B}.Debug|Any CPU.Build.0 = Debug|Any CPU
		{9372EC00-CDF6-EA09-C704-E2580CFBBA0B}.Release|Any CPU.ActiveCfg = Release|Any CPU
		{9372EC00-CDF6-EA09-C704-E2580CFBBA0B}.Release|Any CPU.Build.0 = Release|Any CPU
		{9165E919-D2D6-C85D-D77E-78EF10624251}.Debug|Any CPU.ActiveCfg = Debug|Any CPU
		{9165E919-D2D6-C85D-D77E-78EF10624251}.Debug|Any CPU.Build.0 = Debug|Any CPU
		{9165E919-D2D6-C85D-D77E-78EF10624251}.Release|Any CPU.ActiveCfg = Release|Any CPU
		{9165E919-D2D6-C85D-D77E-78EF10624251}.Release|Any CPU.Build.0 = Release|Any CPU
	EndGlobalSection
	GlobalSection(SolutionProperties) = preSolution
		HideSolutionNode = FALSE
	EndGlobalSection
EndGlobal
